Microsoft Visual Studio Solution File, Format Version 12.00
# Visual Studio Version 17
VisualStudioVersion = 17.5.2.0
MinimumVisualStudioVersion = 10.0.40219.1
Project("{FAE04EC0-301F-11D3-BF4B-00C04F79EFBC}") = "apijogos", "apijogos.csproj", "{A6C84F57-63FA-CE00-1EF5-BA2CA272D851}"
EndProject
Global
	GlobalSection(SolutionConfigurationPlatforms) = preSolution
		Debug|Any CPU = Debug|Any CPU
		Release|Any CPU = Release|Any CPU
	EndGlobalSection
	GlobalSection(ProjectConfigurationPlatforms) = postSolution
		{A6C84F57-63FA-CE00-1EF5-BA2CA272D851}.Debug|Any CPU.ActiveCfg = Debug|Any CPU
		{A6C84F57-63FA-CE00-1EF5-BA2CA272D851}.Debug|Any CPU.Build.0 = Debug|Any CPU
		{A6C84F57-63FA-CE00-1EF5-BA2CA272D851}.Release|Any CPU.ActiveCfg = Release|Any CPU
		{A6C84F57-63FA-CE00-1EF5-BA2CA272D851}.Release|Any CPU.Build.0 = Release|Any CPU
	EndGlobalSection
	GlobalSection(SolutionProperties) = preSolution
		HideSolutionNode = FALSE
	EndGlobalSection
	GlobalSection(ExtensibilityGlobals) = postSolution
		SolutionGuid = {B492009F-B84F-4CCB-BBFB-C9EECDED8033}
	EndGlobalSection
EndGlobal
